
Microsoft Visual Studio Solution File, Format Version 12.00
# Visual Studio 15
VisualStudioVersion = 15.0.28307.271
MinimumVisualStudioVersion = 10.0.40219.1
Project("{FAE04EC0-301F-11D3-BF4B-00C04F79EFBC}") = "ExemploWebAPIJWT", "ExemploWebAPIJWT\ExemploWebAPIJWT.csproj", "{5148639C-9F02-402E-87C5-5A544C284FDB}"
EndProject
Global
	GlobalSection(SolutionConfigurationPlatforms) = preSolution
		Debug|Any CPU = Debug|Any CPU
		Release|Any CPU = Release|Any CPU
	EndGlobalSection
	GlobalSection(ProjectConfigurationPlatforms) = postSolution
		{5148639C-9F02-402E-87C5-5A544C284FDB}.Debug|Any CPU.ActiveCfg = Debug|Any CPU
		{5148639C-9F02-402E-87C5-5A544C284FDB}.Debug|Any CPU.Build.0 = Debug|Any CPU
		{5148639C-9F02-402E-87C5-5A544C284FDB}.Release|Any CPU.ActiveCfg = Release|Any CPU
		{5148639C-9F02-402E-87C5-5A544C284FDB}.Release|Any CPU.Build.0 = Release|Any CPU
	EndGlobalSection
	GlobalSection(SolutionProperties) = preSolution
		HideSolutionNode = FALSE
	EndGlobalSection
	GlobalSection(ExtensibilityGlobals) = postSolution
		SolutionGuid = {25D18284-9D13-461B-B418-4AA3D959E4F1}
	EndGlobalSection
EndGlobal
